// !$*UTF8*$!
{
	archiveVersion = 1;
	classes = {
	};
	objectVersion = 56;
	objects = {

/* Begin PBXBuildFile section */
		B04EE819539580A03186AAC5 /* Pods_TestAppForKODE.framework in Frameworks */ = {isa = PBXBuildFile; fileRef = 3824CFDE07CEC4FB659A2354 /* Pods_TestAppForKODE.framework */; };
		ED4DA5062B9F36AF00895EAC /* AppDelegate.swift in Sources */ = {isa = PBXBuildFile; fileRef = ED4DA5052B9F36AF00895EAC /* AppDelegate.swift */; };
		ED4DA5082B9F36AF00895EAC /* SceneDelegate.swift in Sources */ = {isa = PBXBuildFile; fileRef = ED4DA5072B9F36AF00895EAC /* SceneDelegate.swift */; };
		ED4DA50F2B9F36B100895EAC /* Assets.xcassets in Resources */ = {isa = PBXBuildFile; fileRef = ED4DA50E2B9F36B100895EAC /* Assets.xcassets */; };
		ED4DA5122B9F36B100895EAC /* Base in Resources */ = {isa = PBXBuildFile; fileRef = ED4DA5112B9F36B100895EAC /* Base */; };
		ED4DA5292B9F4F7800895EAC /* Resources.swift in Sources */ = {isa = PBXBuildFile; fileRef = ED4DA5282B9F4F7800895EAC /* Resources.swift */; };
		ED4DA52D2B9F4FF600895EAC /* UIColor + extension.swift in Sources */ = {isa = PBXBuildFile; fileRef = ED4DA52C2B9F4FF600895EAC /* UIColor + extension.swift */; };
		ED4DA52E2B9F54AF00895EAC /* Inter-VariableFont_slnt,wght.ttf in Resources */ = {isa = PBXBuildFile; fileRef = ED4DA5272B9F4B8C00895EAC /* Inter-VariableFont_slnt,wght.ttf */; };
		ED4DA52F2B9F54B200895EAC /* Inter-Black.ttf in Resources */ = {isa = PBXBuildFile; fileRef = ED4DA5202B9F4B7B00895EAC /* Inter-Black.ttf */; };
		ED4DA5302B9F54B400895EAC /* Inter-Bold.ttf in Resources */ = {isa = PBXBuildFile; fileRef = ED4DA5262B9F4B7B00895EAC /* Inter-Bold.ttf */; };
		ED4DA5312B9F54B600895EAC /* Inter-ExtraBold.ttf in Resources */ = {isa = PBXBuildFile; fileRef = ED4DA51E2B9F4B7B00895EAC /* Inter-ExtraBold.ttf */; };
		ED4DA5322B9F54B800895EAC /* Inter-ExtraLight.ttf in Resources */ = {isa = PBXBuildFile; fileRef = ED4DA5232B9F4B7B00895EAC /* Inter-ExtraLight.ttf */; };
		ED4DA5332B9F54BA00895EAC /* Inter-Light.ttf in Resources */ = {isa = PBXBuildFile; fileRef = ED4DA5222B9F4B7B00895EAC /* Inter-Light.ttf */; };
		ED4DA5342B9F54BC00895EAC /* Inter-Medium.ttf in Resources */ = {isa = PBXBuildFile; fileRef = ED4DA5212B9F4B7B00895EAC /* Inter-Medium.ttf */; };
		ED4DA5352B9F54BF00895EAC /* Inter-Regular.ttf in Resources */ = {isa = PBXBuildFile; fileRef = ED4DA5242B9F4B7B00895EAC /* Inter-Regular.ttf */; };
		ED4DA5362B9F54C100895EAC /* Inter-SemiBold.ttf in Resources */ = {isa = PBXBuildFile; fileRef = ED4DA51F2B9F4B7B00895EAC /* Inter-SemiBold.ttf */; };
		ED4DA5372B9F54C300895EAC /* Inter-Thin.ttf in Resources */ = {isa = PBXBuildFile; fileRef = ED4DA5252B9F4B7B00895EAC /* Inter-Thin.ttf */; };
		ED5E2B642B9F8A170033B19B /* UIView + extension.swift in Sources */ = {isa = PBXBuildFile; fileRef = ED5E2B632B9F8A170033B19B /* UIView + extension.swift */; };
		ED5E2B662B9F98A90033B19B /* ModelDetailProfile.swift in Sources */ = {isa = PBXBuildFile; fileRef = ED5E2B652B9F98A90033B19B /* ModelDetailProfile.swift */; };
		ED5E2B682B9F9F010033B19B /* DetailEmployeProfileCell.swift in Sources */ = {isa = PBXBuildFile; fileRef = ED5E2B672B9F9F010033B19B /* DetailEmployeProfileCell.swift */; };
		ED5E2B6F2B9FE2A90033B19B /* FilterForProfessionVIew.swift in Sources */ = {isa = PBXBuildFile; fileRef = ED5E2B6E2B9FE2A90033B19B /* FilterForProfessionVIew.swift */; };
		ED5E2B712B9FE2D40033B19B /* TableListOfEmployeesView.swift in Sources */ = {isa = PBXBuildFile; fileRef = ED5E2B702B9FE2D40033B19B /* TableListOfEmployeesView.swift */; };
		ED5E2B732B9FE3630033B19B /* ViewForStackProfession.swift in Sources */ = {isa = PBXBuildFile; fileRef = ED5E2B722B9FE3630033B19B /* ViewForStackProfession.swift */; };
		ED5E2B782BA061F40033B19B /* BuilderForGetEmployee.swift in Sources */ = {isa = PBXBuildFile; fileRef = ED5E2B772BA061F30033B19B /* BuilderForGetEmployee.swift */; };
		ED5E2B7B2BA062260033B19B /* CreaterRequest.swift in Sources */ = {isa = PBXBuildFile; fileRef = ED5E2B7A2BA062260033B19B /* CreaterRequest.swift */; };
		ED5E2B7D2BA062380033B19B /* CreaterTask.swift in Sources */ = {isa = PBXBuildFile; fileRef = ED5E2B7C2BA062370033B19B /* CreaterTask.swift */; };
		ED5E2B7F2BA062470033B19B /* CreaterSession.swift in Sources */ = {isa = PBXBuildFile; fileRef = ED5E2B7E2BA062470033B19B /* CreaterSession.swift */; };
		ED5E2B812BA062D00033B19B /* CreaterURL.swift in Sources */ = {isa = PBXBuildFile; fileRef = ED5E2B802BA062D00033B19B /* CreaterURL.swift */; };
		ED5E2B832BA06D9E0033B19B /* JSONCodable.swift in Sources */ = {isa = PBXBuildFile; fileRef = ED5E2B822BA06D9E0033B19B /* JSONCodable.swift */; };
		ED5E2B852BA087A70033B19B /* ModelEmployeeList.swift in Sources */ = {isa = PBXBuildFile; fileRef = ED5E2B842BA087A70033B19B /* ModelEmployeeList.swift */; };
		ED9A7A9A2B9F66160037BAF9 /* EmployeeProfileVIewController.swift in Sources */ = {isa = PBXBuildFile; fileRef = ED9A7A992B9F66160037BAF9 /* EmployeeProfileVIewController.swift */; };
		ED9A7A9C2B9F66410037BAF9 /* EmployeeProfilePresenter.swift in Sources */ = {isa = PBXBuildFile; fileRef = ED9A7A9B2B9F66410037BAF9 /* EmployeeProfilePresenter.swift */; };
		ED9A7A9E2B9F665A0037BAF9 /* EmployeeProfileInteractor.swift in Sources */ = {isa = PBXBuildFile; fileRef = ED9A7A9D2B9F665A0037BAF9 /* EmployeeProfileInteractor.swift */; };
		ED9A7AA02B9F667C0037BAF9 /* EmployeeProfileRouter.swift in Sources */ = {isa = PBXBuildFile; fileRef = ED9A7A9F2B9F667C0037BAF9 /* EmployeeProfileRouter.swift */; };
		ED9A7AA52B9F66F80037BAF9 /* EmployeeProfileModuleBuilder.swift in Sources */ = {isa = PBXBuildFile; fileRef = ED9A7AA42B9F66F80037BAF9 /* EmployeeProfileModuleBuilder.swift */; };
		ED9A7AA72B9F67130037BAF9 /* ListOfEmployeesViewController.swift in Sources */ = {isa = PBXBuildFile; fileRef = ED9A7AA62B9F67130037BAF9 /* ListOfEmployeesViewController.swift */; };
		ED9A7AAA2B9F67290037BAF9 /* ListOfEmployeesPresenter.swift in Sources */ = {isa = PBXBuildFile; fileRef = ED9A7AA92B9F67290037BAF9 /* ListOfEmployeesPresenter.swift */; };
		ED9A7AAC2B9F67360037BAF9 /* ListOfEmployeesModuleBuilder.swift in Sources */ = {isa = PBXBuildFile; fileRef = ED9A7AAB2B9F67360037BAF9 /* ListOfEmployeesModuleBuilder.swift */; };
		ED9A7AAE2B9F673E0037BAF9 /* ListOfEmployeesInteractor.swift in Sources */ = {isa = PBXBuildFile; fileRef = ED9A7AAD2B9F673E0037BAF9 /* ListOfEmployeesInteractor.swift */; };
		ED9A7AB02B9F67470037BAF9 /* ListOfEmployeesPouter.swift in Sources */ = {isa = PBXBuildFile; fileRef = ED9A7AAF2B9F67470037BAF9 /* ListOfEmployeesPouter.swift */; };
		EDDC905D2B9F6C41002515D7 /* EmployeeProfileView.swift in Sources */ = {isa = PBXBuildFile; fileRef = EDDC905C2B9F6C41002515D7 /* EmployeeProfileView.swift */; };
		EDDC905F2B9F6C51002515D7 /* DetailEmployeeProfileView.swift in Sources */ = {isa = PBXBuildFile; fileRef = EDDC905E2B9F6C51002515D7 /* DetailEmployeeProfileView.swift */; };
/* End PBXBuildFile section */

/* Begin PBXFileReference section */
		3824CFDE07CEC4FB659A2354 /* Pods_TestAppForKODE.framework */ = {isa = PBXFileReference; explicitFileType = wrapper.framework; includeInIndex = 0; path = Pods_TestAppForKODE.framework; sourceTree = BUILT_PRODUCTS_DIR; };
		748ABC391ED249477E34AD08 /* Pods-TestAppForKODE.debug.xcconfig */ = {isa = PBXFileReference; includeInIndex = 1; lastKnownFileType = text.xcconfig; name = "Pods-TestAppForKODE.debug.xcconfig"; path = "Target Support Files/Pods-TestAppForKODE/Pods-TestAppForKODE.debug.xcconfig"; sourceTree = "<group>"; };
		C9D0884CF64C89A15F49A75B /* Pods-TestAppForKODE.release.xcconfig */ = {isa = PBXFileReference; includeInIndex = 1; lastKnownFileType = text.xcconfig; name = "Pods-TestAppForKODE.release.xcconfig"; path = "Target Support Files/Pods-TestAppForKODE/Pods-TestAppForKODE.release.xcconfig"; sourceTree = "<group>"; };
		ED4DA5022B9F36AF00895EAC /* TestAppForKODE.app */ = {isa = PBXFileReference; explicitFileType = wrapper.application; includeInIndex = 0; path = TestAppForKODE.app; sourceTree = BUILT_PRODUCTS_DIR; };
		ED4DA5052B9F36AF00895EAC /* AppDelegate.swift */ = {isa = PBXFileReference; lastKnownFileType = sourcecode.swift; path = AppDelegate.swift; sourceTree = "<group>"; };
		ED4DA5072B9F36AF00895EAC /* SceneDelegate.swift */ = {isa = PBXFileReference; lastKnownFileType = sourcecode.swift; path = SceneDelegate.swift; sourceTree = "<group>"; };
		ED4DA50E2B9F36B100895EAC /* Assets.xcassets */ = {isa = PBXFileReference; lastKnownFileType = folder.assetcatalog; path = Assets.xcassets; sourceTree = "<group>"; };
		ED4DA5112B9F36B100895EAC /* Base */ = {isa = PBXFileReference; lastKnownFileType = file.storyboard; name = Base; path = Base.lproj/LaunchScreen.storyboard; sourceTree = "<group>"; };
		ED4DA5132B9F36B100895EAC /* Info.plist */ = {isa = PBXFileReference; lastKnownFileType = text.plist.xml; path = Info.plist; sourceTree = "<group>"; };
		ED4DA51E2B9F4B7B00895EAC /* Inter-ExtraBold.ttf */ = {isa = PBXFileReference; lastKnownFileType = file; path = "Inter-ExtraBold.ttf"; sourceTree = "<group>"; };
		ED4DA51F2B9F4B7B00895EAC /* Inter-SemiBold.ttf */ = {isa = PBXFileReference; lastKnownFileType = file; path = "Inter-SemiBold.ttf"; sourceTree = "<group>"; };
		ED4DA5202B9F4B7B00895EAC /* Inter-Black.ttf */ = {isa = PBXFileReference; lastKnownFileType = file; path = "Inter-Black.ttf"; sourceTree = "<group>"; };
		ED4DA5212B9F4B7B00895EAC /* Inter-Medium.ttf */ = {isa = PBXFileReference; lastKnownFileType = file; path = "Inter-Medium.ttf"; sourceTree = "<group>"; };
		ED4DA5222B9F4B7B00895EAC /* Inter-Light.ttf */ = {isa = PBXFileReference; lastKnownFileType = file; path = "Inter-Light.ttf"; sourceTree = "<group>"; };
		ED4DA5232B9F4B7B00895EAC /* Inter-ExtraLight.ttf */ = {isa = PBXFileReference; lastKnownFileType = file; path = "Inter-ExtraLight.ttf"; sourceTree = "<group>"; };
		ED4DA5242B9F4B7B00895EAC /* Inter-Regular.ttf */ = {isa = PBXFileReference; lastKnownFileType = file; path = "Inter-Regular.ttf"; sourceTree = "<group>"; };
		ED4DA5252B9F4B7B00895EAC /* Inter-Thin.ttf */ = {isa = PBXFileReference; lastKnownFileType = file; path = "Inter-Thin.ttf"; sourceTree = "<group>"; };
		ED4DA5262B9F4B7B00895EAC /* Inter-Bold.ttf */ = {isa = PBXFileReference; lastKnownFileType = file; path = "Inter-Bold.ttf"; sourceTree = "<group>"; };
		ED4DA5272B9F4B8C00895EAC /* Inter-VariableFont_slnt,wght.ttf */ = {isa = PBXFileReference; lastKnownFileType = file; path = "Inter-VariableFont_slnt,wght.ttf"; sourceTree = "<group>"; };
		ED4DA5282B9F4F7800895EAC /* Resources.swift */ = {isa = PBXFileReference; lastKnownFileType = sourcecode.swift; path = Resources.swift; sourceTree = "<group>"; };
		ED4DA52C2B9F4FF600895EAC /* UIColor + extension.swift */ = {isa = PBXFileReference; lastKnownFileType = sourcecode.swift; path = "UIColor + extension.swift"; sourceTree = "<group>"; };
		ED5E2B632B9F8A170033B19B /* UIView + extension.swift */ = {isa = PBXFileReference; lastKnownFileType = sourcecode.swift; path = "UIView + extension.swift"; sourceTree = "<group>"; };
		ED5E2B652B9F98A90033B19B /* ModelDetailProfile.swift */ = {isa = PBXFileReference; lastKnownFileType = sourcecode.swift; path = ModelDetailProfile.swift; sourceTree = "<group>"; };
		ED5E2B672B9F9F010033B19B /* DetailEmployeProfileCell.swift */ = {isa = PBXFileReference; lastKnownFileType = sourcecode.swift; path = DetailEmployeProfileCell.swift; sourceTree = "<group>"; };
		ED5E2B6E2B9FE2A90033B19B /* FilterForProfessionVIew.swift */ = {isa = PBXFileReference; lastKnownFileType = sourcecode.swift; path = FilterForProfessionVIew.swift; sourceTree = "<group>"; };
		ED5E2B702B9FE2D40033B19B /* TableListOfEmployeesView.swift */ = {isa = PBXFileReference; lastKnownFileType = sourcecode.swift; path = TableListOfEmployeesView.swift; sourceTree = "<group>"; };
		ED5E2B722B9FE3630033B19B /* ViewForStackProfession.swift */ = {isa = PBXFileReference; lastKnownFileType = sourcecode.swift; path = ViewForStackProfession.swift; sourceTree = "<group>"; };
		ED5E2B772BA061F30033B19B /* BuilderForGetEmployee.swift */ = {isa = PBXFileReference; lastKnownFileType = sourcecode.swift; path = BuilderForGetEmployee.swift; sourceTree = "<group>"; };
		ED5E2B7A2BA062260033B19B /* CreaterRequest.swift */ = {isa = PBXFileReference; lastKnownFileType = sourcecode.swift; path = CreaterRequest.swift; sourceTree = "<group>"; };
		ED5E2B7C2BA062370033B19B /* CreaterTask.swift */ = {isa = PBXFileReference; lastKnownFileType = sourcecode.swift; path = CreaterTask.swift; sourceTree = "<group>"; };
		ED5E2B7E2BA062470033B19B /* CreaterSession.swift */ = {isa = PBXFileReference; lastKnownFileType = sourcecode.swift; path = CreaterSession.swift; sourceTree = "<group>"; };
		ED5E2B802BA062D00033B19B /* CreaterURL.swift */ = {isa = PBXFileReference; lastKnownFileType = sourcecode.swift; path = CreaterURL.swift; sourceTree = "<group>"; };
		ED5E2B822BA06D9E0033B19B /* JSONCodable.swift */ = {isa = PBXFileReference; lastKnownFileType = sourcecode.swift; path = JSONCodable.swift; sourceTree = "<group>"; };
		ED5E2B842BA087A70033B19B /* ModelEmployeeList.swift */ = {isa = PBXFileReference; lastKnownFileType = sourcecode.swift; path = ModelEmployeeList.swift; sourceTree = "<group>"; };
		ED9A7A992B9F66160037BAF9 /* EmployeeProfileVIewController.swift */ = {isa = PBXFileReference; lastKnownFileType = sourcecode.swift; path = EmployeeProfileVIewController.swift; sourceTree = "<group>"; };
		ED9A7A9B2B9F66410037BAF9 /* EmployeeProfilePresenter.swift */ = {isa = PBXFileReference; lastKnownFileType = sourcecode.swift; path = EmployeeProfilePresenter.swift; sourceTree = "<group>"; };
		ED9A7A9D2B9F665A0037BAF9 /* EmployeeProfileInteractor.swift */ = {isa = PBXFileReference; lastKnownFileType = sourcecode.swift; path = EmployeeProfileInteractor.swift; sourceTree = "<group>"; };
		ED9A7A9F2B9F667C0037BAF9 /* EmployeeProfileRouter.swift */ = {isa = PBXFileReference; lastKnownFileType = sourcecode.swift; path = EmployeeProfileRouter.swift; sourceTree = "<group>"; };
		ED9A7AA42B9F66F80037BAF9 /* EmployeeProfileModuleBuilder.swift */ = {isa = PBXFileReference; lastKnownFileType = sourcecode.swift; path = EmployeeProfileModuleBuilder.swift; sourceTree = "<group>"; };
		ED9A7AA62B9F67130037BAF9 /* ListOfEmployeesViewController.swift */ = {isa = PBXFileReference; lastKnownFileType = sourcecode.swift; path = ListOfEmployeesViewController.swift; sourceTree = "<group>"; };
		ED9A7AA92B9F67290037BAF9 /* ListOfEmployeesPresenter.swift */ = {isa = PBXFileReference; lastKnownFileType = sourcecode.swift; path = ListOfEmployeesPresenter.swift; sourceTree = "<group>"; };
		ED9A7AAB2B9F67360037BAF9 /* ListOfEmployeesModuleBuilder.swift */ = {isa = PBXFileReference; lastKnownFileType = sourcecode.swift; path = ListOfEmployeesModuleBuilder.swift; sourceTree = "<group>"; };
		ED9A7AAD2B9F673E0037BAF9 /* ListOfEmployeesInteractor.swift */ = {isa = PBXFileReference; lastKnownFileType = sourcecode.swift; path = ListOfEmployeesInteractor.swift; sourceTree = "<group>"; };
		ED9A7AAF2B9F67470037BAF9 /* ListOfEmployeesPouter.swift */ = {isa = PBXFileReference; lastKnownFileType = sourcecode.swift; path = ListOfEmployeesPouter.swift; sourceTree = "<group>"; };
		EDDC905C2B9F6C41002515D7 /* EmployeeProfileView.swift */ = {isa = PBXFileReference; lastKnownFileType = sourcecode.swift; path = EmployeeProfileView.swift; sourceTree = "<group>"; };
		EDDC905E2B9F6C51002515D7 /* DetailEmployeeProfileView.swift */ = {isa = PBXFileReference; lastKnownFileType = sourcecode.swift; path = DetailEmployeeProfileView.swift; sourceTree = "<group>"; };
/* End PBXFileReference section */

/* Begin PBXFrameworksBuildPhase section */
		ED4DA4FF2B9F36AF00895EAC /* Frameworks */ = {
			isa = PBXFrameworksBuildPhase;
			buildActionMask = 2147483647;
			files = (
				B04EE819539580A03186AAC5 /* Pods_TestAppForKODE.framework in Frameworks */,
			);
			runOnlyForDeploymentPostprocessing = 0;
		};
/* End PBXFrameworksBuildPhase section */

/* Begin PBXGroup section */
		50E20CD2612F23A050CB4FEE /* Frameworks */ = {
			isa = PBXGroup;
			children = (
				3824CFDE07CEC4FB659A2354 /* Pods_TestAppForKODE.framework */,
			);
			name = Frameworks;
			sourceTree = "<group>";
		};
		ED4DA4F92B9F36AF00895EAC = {
			isa = PBXGroup;
			children = (
				ED4DA5042B9F36AF00895EAC /* TestAppForKODE */,
				ED4DA5032B9F36AF00895EAC /* Products */,
				FA98B9D35C958ED6CFA88BBF /* Pods */,
				50E20CD2612F23A050CB4FEE /* Frameworks */,
			);
			sourceTree = "<group>";
		};
		ED4DA5032B9F36AF00895EAC /* Products */ = {
			isa = PBXGroup;
			children = (
				ED4DA5022B9F36AF00895EAC /* TestAppForKODE.app */,
			);
			name = Products;
			sourceTree = "<group>";
		};
		ED4DA5042B9F36AF00895EAC /* TestAppForKODE */ = {
			isa = PBXGroup;
			children = (
				ED5E2B762BA061710033B19B /* NetworkLayer */,
				ED9A7AA12B9F669C0037BAF9 /* NavigationManager */,
				ED4DA51A2B9F4AFD00895EAC /* SupportingFiles */,
				ED4DA52A2B9F4FB600895EAC /* Helpers */,
				ED4DA51C2B9F4B4500895EAC /* Resources */,
				ED4DA5192B9F4AEF00895EAC /* Application */,
				ED4DA5392B9F5DDA00895EAC /* EmployeeProfile */,
				ED4DA5382B9F5CF200895EAC /* ListOfEmployees */,
			);
			path = TestAppForKODE;
			sourceTree = "<group>";
		};
		ED4DA5192B9F4AEF00895EAC /* Application */ = {
			isa = PBXGroup;
			children = (
				ED4DA5052B9F36AF00895EAC /* AppDelegate.swift */,
				ED4DA5072B9F36AF00895EAC /* SceneDelegate.swift */,
			);
			path = Application;
			sourceTree = "<group>";
		};
		ED4DA51A2B9F4AFD00895EAC /* SupportingFiles */ = {
			isa = PBXGroup;
			children = (
				ED4DA50E2B9F36B100895EAC /* Assets.xcassets */,
				ED4DA5102B9F36B100895EAC /* LaunchScreen.storyboard */,
				ED4DA5132B9F36B100895EAC /* Info.plist */,
			);
			path = SupportingFiles;
			sourceTree = "<group>";
		};
		ED4DA51C2B9F4B4500895EAC /* Resources */ = {
			isa = PBXGroup;
			children = (
				ED4DA51D2B9F4B4E00895EAC /* Font */,
				ED4DA5282B9F4F7800895EAC /* Resources.swift */,
			);
			name = Resources;
			sourceTree = "<group>";
		};
		ED4DA51D2B9F4B4E00895EAC /* Font */ = {
			isa = PBXGroup;
			children = (
				ED4DA5272B9F4B8C00895EAC /* Inter-VariableFont_slnt,wght.ttf */,
				ED4DA5202B9F4B7B00895EAC /* Inter-Black.ttf */,
				ED4DA5262B9F4B7B00895EAC /* Inter-Bold.ttf */,
				ED4DA51E2B9F4B7B00895EAC /* Inter-ExtraBold.ttf */,
				ED4DA5232B9F4B7B00895EAC /* Inter-ExtraLight.ttf */,
				ED4DA5222B9F4B7B00895EAC /* Inter-Light.ttf */,
				ED4DA5212B9F4B7B00895EAC /* Inter-Medium.ttf */,
				ED4DA5242B9F4B7B00895EAC /* Inter-Regular.ttf */,
				ED4DA51F2B9F4B7B00895EAC /* Inter-SemiBold.ttf */,
				ED4DA5252B9F4B7B00895EAC /* Inter-Thin.ttf */,
			);
			path = Font;
			sourceTree = "<group>";
		};
		ED4DA52A2B9F4FB600895EAC /* Helpers */ = {
			isa = PBXGroup;
			children = (
				ED4DA52B2B9F4FBE00895EAC /* Extensions */,
			);
			name = Helpers;
			sourceTree = "<group>";
		};
		ED4DA52B2B9F4FBE00895EAC /* Extensions */ = {
			isa = PBXGroup;
			children = (
				ED4DA52C2B9F4FF600895EAC /* UIColor + extension.swift */,
				ED5E2B632B9F8A170033B19B /* UIView + extension.swift */,
			);
			name = Extensions;
			sourceTree = "<group>";
		};
		ED4DA5382B9F5CF200895EAC /* ListOfEmployees */ = {
			isa = PBXGroup;
			children = (
				ED5E2B6D2B9FE2560033B19B /* ListOfEmployeesViews */,
				ED9A7AA62B9F67130037BAF9 /* ListOfEmployeesViewController.swift */,
				ED9A7AA92B9F67290037BAF9 /* ListOfEmployeesPresenter.swift */,
				ED9A7AAB2B9F67360037BAF9 /* ListOfEmployeesModuleBuilder.swift */,
				ED9A7AAD2B9F673E0037BAF9 /* ListOfEmployeesInteractor.swift */,
				ED9A7AAF2B9F67470037BAF9 /* ListOfEmployeesPouter.swift */,
			);
			path = ListOfEmployees;
			sourceTree = "<group>";
		};
		ED4DA5392B9F5DDA00895EAC /* EmployeeProfile */ = {
			isa = PBXGroup;
			children = (
				EDDC905B2B9F6BE0002515D7 /* EmployeeProfileViews */,
				ED9A7A992B9F66160037BAF9 /* EmployeeProfileVIewController.swift */,
				ED9A7A9B2B9F66410037BAF9 /* EmployeeProfilePresenter.swift */,
				ED9A7A9D2B9F665A0037BAF9 /* EmployeeProfileInteractor.swift */,
				ED9A7A9F2B9F667C0037BAF9 /* EmployeeProfileRouter.swift */,
				ED9A7AA42B9F66F80037BAF9 /* EmployeeProfileModuleBuilder.swift */,
			);
			path = EmployeeProfile;
			sourceTree = "<group>";
		};
		ED5E2B6D2B9FE2560033B19B /* ListOfEmployeesViews */ = {
			isa = PBXGroup;
			children = (
				ED5E2B752B9FE3740033B19B /* FilterListProfessionStack */,
				ED5E2B702B9FE2D40033B19B /* TableListOfEmployeesView.swift */,
			);
			path = ListOfEmployeesViews;
			sourceTree = "<group>";
		};
		ED5E2B752B9FE3740033B19B /* FilterListProfessionStack */ = {
			isa = PBXGroup;
			children = (
				ED5E2B6E2B9FE2A90033B19B /* FilterForProfessionVIew.swift */,
				ED5E2B722B9FE3630033B19B /* ViewForStackProfession.swift */,
			);
			path = FilterListProfessionStack;
			sourceTree = "<group>";
		};
		ED5E2B762BA061710033B19B /* NetworkLayer */ = {
			isa = PBXGroup;
			children = (
				ED5E2B802BA062D00033B19B /* CreaterURL.swift */,
				ED5E2B7A2BA062260033B19B /* CreaterRequest.swift */,
				ED5E2B822BA06D9E0033B19B /* JSONCodable.swift */,
				ED5E2B7E2BA062470033B19B /* CreaterSession.swift */,
				ED5E2B7C2BA062370033B19B /* CreaterTask.swift */,
				ED5E2B772BA061F30033B19B /* BuilderForGetEmployee.swift */,
				ED5E2B842BA087A70033B19B /* ModelEmployeeList.swift */,
			);
			path = NetworkLayer;
			sourceTree = "<group>";
		};
		ED9A7AA12B9F669C0037BAF9 /* NavigationManager */ = {
			isa = PBXGroup;
			children = (
			);
			path = NavigationManager;
			sourceTree = "<group>";
		};
		EDDC905B2B9F6BE0002515D7 /* EmployeeProfileViews */ = {
			isa = PBXGroup;
			children = (
				EDDC905C2B9F6C41002515D7 /* EmployeeProfileView.swift */,
				EDDC905E2B9F6C51002515D7 /* DetailEmployeeProfileView.swift */,
				ED5E2B672B9F9F010033B19B /* DetailEmployeProfileCell.swift */,
				ED5E2B652B9F98A90033B19B /* ModelDetailProfile.swift */,
			);
			path = EmployeeProfileViews;
			sourceTree = "<group>";
		};
		FA98B9D35C958ED6CFA88BBF /* Pods */ = {
			isa = PBXGroup;
			children = (
				748ABC391ED249477E34AD08 /* Pods-TestAppForKODE.debug.xcconfig */,
				C9D0884CF64C89A15F49A75B /* Pods-TestAppForKODE.release.xcconfig */,
			);
			path = Pods;
			sourceTree = "<group>";
		};
/* End PBXGroup section */

/* Begin PBXNativeTarget section */
		ED4DA5012B9F36AF00895EAC /* TestAppForKODE */ = {
			isa = PBXNativeTarget;
			buildConfigurationList = ED4DA5162B9F36B100895EAC /* Build configuration list for PBXNativeTarget "TestAppForKODE" */;
			buildPhases = (
				D570E46DE3358EEEDE0B9A2D /* [CP] Check Pods Manifest.lock */,
				ED4DA4FE2B9F36AF00895EAC /* Sources */,
				ED4DA4FF2B9F36AF00895EAC /* Frameworks */,
				ED4DA5002B9F36AF00895EAC /* Resources */,
				1E6263CD01890D45C73F635E /* [CP] Embed Pods Frameworks */,
			);
			buildRules = (
			);
			dependencies = (
			);
			name = TestAppForKODE;
			productName = TestAppForKODE;
			productReference = ED4DA5022B9F36AF00895EAC /* TestAppForKODE.app */;
			productType = "com.apple.product-type.application";
		};
/* End PBXNativeTarget section */

/* Begin PBXProject section */
		ED4DA4FA2B9F36AF00895EAC /* Project object */ = {
			isa = PBXProject;
			attributes = {
				BuildIndependentTargetsInParallel = 1;
				LastSwiftUpdateCheck = 1530;
				LastUpgradeCheck = 1530;
				TargetAttributes = {
					ED4DA5012B9F36AF00895EAC = {
						CreatedOnToolsVersion = 15.3;
					};
				};
			};
			buildConfigurationList = ED4DA4FD2B9F36AF00895EAC /* Build configuration list for PBXProject "TestAppForKODE" */;
			compatibilityVersion = "Xcode 14.0";
			developmentRegion = en;
			hasScannedForEncodings = 0;
			knownRegions = (
				en,
				Base,
			);
			mainGroup = ED4DA4F92B9F36AF00895EAC;
			productRefGroup = ED4DA5032B9F36AF00895EAC /* Products */;
			projectDirPath = "";
			projectRoot = "";
			targets = (
				ED4DA5012B9F36AF00895EAC /* TestAppForKODE */,
			);
		};
/* End PBXProject section */

/* Begin PBXResourcesBuildPhase section */
		ED4DA5002B9F36AF00895EAC /* Resources */ = {
			isa = PBXResourcesBuildPhase;
			buildActionMask = 2147483647;
			files = (
				ED4DA50F2B9F36B100895EAC /* Assets.xcassets in Resources */,
				ED4DA5302B9F54B400895EAC /* Inter-Bold.ttf in Resources */,
				ED4DA5332B9F54BA00895EAC /* Inter-Light.ttf in Resources */,
				ED4DA5362B9F54C100895EAC /* Inter-SemiBold.ttf in Resources */,
				ED4DA52E2B9F54AF00895EAC /* Inter-VariableFont_slnt,wght.ttf in Resources */,
				ED4DA5322B9F54B800895EAC /* Inter-ExtraLight.ttf in Resources */,
				ED4DA5122B9F36B100895EAC /* Base in Resources */,
				ED4DA5352B9F54BF00895EAC /* Inter-Regular.ttf in Resources */,
				ED4DA5372B9F54C300895EAC /* Inter-Thin.ttf in Resources */,
				ED4DA52F2B9F54B200895EAC /* Inter-Black.ttf in Resources */,
				ED4DA5312B9F54B600895EAC /* Inter-ExtraBold.ttf in Resources */,
				ED4DA5342B9F54BC00895EAC /* Inter-Medium.ttf in Resources */,
			);
			runOnlyForDeploymentPostprocessing = 0;
		};
/* End PBXResourcesBuildPhase section */

/* Begin PBXShellScriptBuildPhase section */
		1E6263CD01890D45C73F635E /* [CP] Embed Pods Frameworks */ = {
			isa = PBXShellScriptBuildPhase;
			buildActionMask = 2147483647;
			files = (
			);
			inputFileListPaths = (
				"${PODS_ROOT}/Target Support Files/Pods-TestAppForKODE/Pods-TestAppForKODE-frameworks-${CONFIGURATION}-input-files.xcfilelist",
			);
			name = "[CP] Embed Pods Frameworks";
			outputFileListPaths = (
				"${PODS_ROOT}/Target Support Files/Pods-TestAppForKODE/Pods-TestAppForKODE-frameworks-${CONFIGURATION}-output-files.xcfilelist",
			);
			runOnlyForDeploymentPostprocessing = 0;
			shellPath = /bin/sh;
			shellScript = "\"${PODS_ROOT}/Target Support Files/Pods-TestAppForKODE/Pods-TestAppForKODE-frameworks.sh\"\n";
			showEnvVarsInLog = 0;
		};
		D570E46DE3358EEEDE0B9A2D /* [CP] Check Pods Manifest.lock */ = {
			isa = PBXShellScriptBuildPhase;
			buildActionMask = 2147483647;
			files = (
			);
			inputFileListPaths = (
			);
			inputPaths = (
				"${PODS_PODFILE_DIR_PATH}/Podfile.lock",
				"${PODS_ROOT}/Manifest.lock",
			);
			name = "[CP] Check Pods Manifest.lock";
			outputFileListPaths = (
			);
			outputPaths = (
				"$(DERIVED_FILE_DIR)/Pods-TestAppForKODE-checkManifestLockResult.txt",
			);
			runOnlyForDeploymentPostprocessing = 0;
			shellPath = /bin/sh;
			shellScript = "diff \"${PODS_PODFILE_DIR_PATH}/Podfile.lock\" \"${PODS_ROOT}/Manifest.lock\" > /dev/null\nif [ $? != 0 ] ; then\n    # print error to STDERR\n    echo \"error: The sandbox is not in sync with the Podfile.lock. Run 'pod install' or update your CocoaPods installation.\" >&2\n    exit 1\nfi\n# This output is used by Xcode 'outputs' to avoid re-running this script phase.\necho \"SUCCESS\" > \"${SCRIPT_OUTPUT_FILE_0}\"\n";
			showEnvVarsInLog = 0;
		};
/* End PBXShellScriptBuildPhase section */

/* Begin PBXSourcesBuildPhase section */
		ED4DA4FE2B9F36AF00895EAC /* Sources */ = {
			isa = PBXSourcesBuildPhase;
			buildActionMask = 2147483647;
			files = (
				ED5E2B712B9FE2D40033B19B /* TableListOfEmployeesView.swift in Sources */,
				ED9A7A9C2B9F66410037BAF9 /* EmployeeProfilePresenter.swift in Sources */,
				ED9A7AA72B9F67130037BAF9 /* ListOfEmployeesViewController.swift in Sources */,
				ED9A7AA52B9F66F80037BAF9 /* EmployeeProfileModuleBuilder.swift in Sources */,
				ED9A7AAA2B9F67290037BAF9 /* ListOfEmployeesPresenter.swift in Sources */,
				ED5E2B642B9F8A170033B19B /* UIView + extension.swift in Sources */,
				ED5E2B7B2BA062260033B19B /* CreaterRequest.swift in Sources */,
				ED5E2B7F2BA062470033B19B /* CreaterSession.swift in Sources */,
				ED4DA52D2B9F4FF600895EAC /* UIColor + extension.swift in Sources */,
				ED4DA5292B9F4F7800895EAC /* Resources.swift in Sources */,
				ED9A7AAE2B9F673E0037BAF9 /* ListOfEmployeesInteractor.swift in Sources */,
				ED5E2B682B9F9F010033B19B /* DetailEmployeProfileCell.swift in Sources */,
				ED5E2B832BA06D9E0033B19B /* JSONCodable.swift in Sources */,
				ED5E2B662B9F98A90033B19B /* ModelDetailProfile.swift in Sources */,
				ED9A7AAC2B9F67360037BAF9 /* ListOfEmployeesModuleBuilder.swift in Sources */,
				ED4DA5062B9F36AF00895EAC /* AppDelegate.swift in Sources */,
				ED5E2B782BA061F40033B19B /* BuilderForGetEmployee.swift in Sources */,
				ED5E2B732B9FE3630033B19B /* ViewForStackProfession.swift in Sources */,
				ED5E2B7D2BA062380033B19B /* CreaterTask.swift in Sources */,
				ED5E2B6F2B9FE2A90033B19B /* FilterForProfessionVIew.swift in Sources */,
				EDDC905F2B9F6C51002515D7 /* DetailEmployeeProfileView.swift in Sources */,
				ED9A7AA02B9F667C0037BAF9 /* EmployeeProfileRouter.swift in Sources */,
				ED9A7A9A2B9F66160037BAF9 /* EmployeeProfileVIewController.swift in Sources */,
				ED5E2B852BA087A70033B19B /* ModelEmployeeList.swift in Sources */,
				EDDC905D2B9F6C41002515D7 /* EmployeeProfileView.swift in Sources */,
				ED5E2B812BA062D00033B19B /* CreaterURL.swift in Sources */,
				ED9A7AB02B9F67470037BAF9 /* ListOfEmployeesPouter.swift in Sources */,
				ED9A7A9E2B9F665A0037BAF9 /* EmployeeProfileInteractor.swift in Sources */,
				ED4DA5082B9F36AF00895EAC /* SceneDelegate.swift in Sources */,
			);
			runOnlyForDeploymentPostprocessing = 0;
		};
/* End PBXSourcesBuildPhase section */

/* Begin PBXVariantGroup section */
		ED4DA5102B9F36B100895EAC /* LaunchScreen.storyboard */ = {
			isa = PBXVariantGroup;
			children = (
				ED4DA5112B9F36B100895EAC /* Base */,
			);
			name = LaunchScreen.storyboard;
			sourceTree = "<group>";
		};
/* End PBXVariantGroup section */

/* Begin XCBuildConfiguration section */
		ED4DA5142B9F36B100895EAC /* Debug */ = {
			isa = XCBuildConfiguration;
			buildSettings = {
				ALWAYS_SEARCH_USER_PATHS = NO;
				ASSETCATALOG_COMPILER_GENERATE_SWIFT_ASSET_SYMBOL_EXTENSIONS = YES;
				CLANG_ANALYZER_NONNULL = YES;
				CLANG_ANALYZER_NUMBER_OBJECT_CONVERSION = YES_AGGRESSIVE;
				CLANG_CXX_LANGUAGE_STANDARD = "gnu++20";
				CLANG_ENABLE_MODULES = YES;
				CLANG_ENABLE_OBJC_ARC = YES;
				CLANG_ENABLE_OBJC_WEAK = YES;
				CLANG_WARN_BLOCK_CAPTURE_AUTORELEASING = YES;
				CLANG_WARN_BOOL_CONVERSION = YES;
				CLANG_WARN_COMMA = YES;
				CLANG_WARN_CONSTANT_CONVERSION = YES;
				CLANG_WARN_DEPRECATED_OBJC_IMPLEMENTATIONS = YES;
				CLANG_WARN_DIRECT_OBJC_ISA_USAGE = YES_ERROR;
				CLANG_WARN_DOCUMENTATION_COMMENTS = YES;
				CLANG_WARN_EMPTY_BODY = YES;
				CLANG_WARN_ENUM_CONVERSION = YES;
				CLANG_WARN_INFINITE_RECURSION = YES;
				CLANG_WARN_INT_CONVERSION = YES;
				CLANG_WARN_NON_LITERAL_NULL_CONVERSION = YES;
				CLANG_WARN_OBJC_IMPLICIT_RETAIN_SELF = YES;
				CLANG_WARN_OBJC_LITERAL_CONVERSION = YES;
				CLANG_WARN_OBJC_ROOT_CLASS = YES_ERROR;
				CLANG_WARN_QUOTED_INCLUDE_IN_FRAMEWORK_HEADER = NO;
				CLANG_WARN_RANGE_LOOP_ANALYSIS = YES;
				CLANG_WARN_STRICT_PROTOTYPES = YES;
				CLANG_WARN_SUSPICIOUS_MOVE = YES;
				CLANG_WARN_UNGUARDED_AVAILABILITY = YES_AGGRESSIVE;
				CLANG_WARN_UNREACHABLE_CODE = YES;
				CLANG_WARN__DUPLICATE_METHOD_MATCH = YES;
				COPY_PHASE_STRIP = NO;
				DEBUG_INFORMATION_FORMAT = dwarf;
				ENABLE_STRICT_OBJC_MSGSEND = YES;
				ENABLE_TESTABILITY = YES;
				ENABLE_USER_SCRIPT_SANDBOXING = NO;
				GCC_C_LANGUAGE_STANDARD = gnu17;
				GCC_DYNAMIC_NO_PIC = NO;
				GCC_NO_COMMON_BLOCKS = YES;
				GCC_OPTIMIZATION_LEVEL = 0;
				GCC_PREPROCESSOR_DEFINITIONS = (
					"DEBUG=1",
					"$(inherited)",
				);
				GCC_WARN_64_TO_32_BIT_CONVERSION = YES;
				GCC_WARN_ABOUT_RETURN_TYPE = YES_ERROR;
				GCC_WARN_UNDECLARED_SELECTOR = YES;
				GCC_WARN_UNINITIALIZED_AUTOS = YES_AGGRESSIVE;
				GCC_WARN_UNUSED_FUNCTION = YES;
				GCC_WARN_UNUSED_VARIABLE = YES;
				IPHONEOS_DEPLOYMENT_TARGET = 15.0;
				LOCALIZATION_PREFERS_STRING_CATALOGS = YES;
				MTL_ENABLE_DEBUG_INFO = INCLUDE_SOURCE;
				MTL_FAST_MATH = YES;
				ONLY_ACTIVE_ARCH = YES;
				SDKROOT = iphoneos;
				SWIFT_ACTIVE_COMPILATION_CONDITIONS = "DEBUG $(inherited)";
				SWIFT_OPTIMIZATION_LEVEL = "-Onone";
			};
			name = Debug;
		};
		ED4DA5152B9F36B100895EAC /* Release */ = {
			isa = XCBuildConfiguration;
			buildSettings = {
				ALWAYS_SEARCH_USER_PATHS = NO;
				ASSETCATALOG_COMPILER_GENERATE_SWIFT_ASSET_SYMBOL_EXTENSIONS = YES;
				CLANG_ANALYZER_NONNULL = YES;
				CLANG_ANALYZER_NUMBER_OBJECT_CONVERSION = YES_AGGRESSIVE;
				CLANG_CXX_LANGUAGE_STANDARD = "gnu++20";
				CLANG_ENABLE_MODULES = YES;
				CLANG_ENABLE_OBJC_ARC = YES;
				CLANG_ENABLE_OBJC_WEAK = YES;
				CLANG_WARN_BLOCK_CAPTURE_AUTORELEASING = YES;
				CLANG_WARN_BOOL_CONVERSION = YES;
				CLANG_WARN_COMMA = YES;
				CLANG_WARN_CONSTANT_CONVERSION = YES;
				CLANG_WARN_DEPRECATED_OBJC_IMPLEMENTATIONS = YES;
				CLANG_WARN_DIRECT_OBJC_ISA_USAGE = YES_ERROR;
				CLANG_WARN_DOCUMENTATION_COMMENTS = YES;
				CLANG_WARN_EMPTY_BODY = YES;
				CLANG_WARN_ENUM_CONVERSION = YES;
				CLANG_WARN_INFINITE_RECURSION = YES;
				CLANG_WARN_INT_CONVERSION = YES;
				CLANG_WARN_NON_LITERAL_NULL_CONVERSION = YES;
				CLANG_WARN_OBJC_IMPLICIT_RETAIN_SELF = YES;
				CLANG_WARN_OBJC_LITERAL_CONVERSION = YES;
				CLANG_WARN_OBJC_ROOT_CLASS = YES_ERROR;
				CLANG_WARN_QUOTED_INCLUDE_IN_FRAMEWORK_HEADER = NO;
				CLANG_WARN_RANGE_LOOP_ANALYSIS = YES;
				CLANG_WARN_STRICT_PROTOTYPES = YES;
				CLANG_WARN_SUSPICIOUS_MOVE = YES;
				CLANG_WARN_UNGUARDED_AVAILABILITY = YES_AGGRESSIVE;
				CLANG_WARN_UNREACHABLE_CODE = YES;
				CLANG_WARN__DUPLICATE_METHOD_MATCH = YES;
				COPY_PHASE_STRIP = NO;
				DEBUG_INFORMATION_FORMAT = "dwarf-with-dsym";
				ENABLE_NS_ASSERTIONS = NO;
				ENABLE_STRICT_OBJC_MSGSEND = YES;
				ENABLE_USER_SCRIPT_SANDBOXING = NO;
				GCC_C_LANGUAGE_STANDARD = gnu17;
				GCC_NO_COMMON_BLOCKS = YES;
				GCC_WARN_64_TO_32_BIT_CONVERSION = YES;
				GCC_WARN_ABOUT_RETURN_TYPE = YES_ERROR;
				GCC_WARN_UNDECLARED_SELECTOR = YES;
				GCC_WARN_UNINITIALIZED_AUTOS = YES_AGGRESSIVE;
				GCC_WARN_UNUSED_FUNCTION = YES;
				GCC_WARN_UNUSED_VARIABLE = YES;
				IPHONEOS_DEPLOYMENT_TARGET = 15.0;
				LOCALIZATION_PREFERS_STRING_CATALOGS = YES;
				MTL_ENABLE_DEBUG_INFO = NO;
				MTL_FAST_MATH = YES;
				SDKROOT = iphoneos;
				SWIFT_COMPILATION_MODE = wholemodule;
				VALIDATE_PRODUCT = YES;
			};
			name = Release;
		};
		ED4DA5172B9F36B100895EAC /* Debug */ = {
			isa = XCBuildConfiguration;
			baseConfigurationReference = 748ABC391ED249477E34AD08 /* Pods-TestAppForKODE.debug.xcconfig */;
			buildSettings = {
				ASSETCATALOG_COMPILER_APPICON_NAME = AppIcon;
				ASSETCATALOG_COMPILER_GLOBAL_ACCENT_COLOR_NAME = AccentColor;
				CODE_SIGN_STYLE = Automatic;
				CURRENT_PROJECT_VERSION = 1;
				DEVELOPMENT_TEAM = 395P8QJRY7;
				GENERATE_INFOPLIST_FILE = YES;
				INFOPLIST_FILE = TestAppForKODE/SupportingFiles/Info.plist;
				INFOPLIST_KEY_UIApplicationSupportsIndirectInputEvents = YES;
				INFOPLIST_KEY_UILaunchStoryboardName = LaunchScreen;
				INFOPLIST_KEY_UISupportedInterfaceOrientations = UIInterfaceOrientationPortrait;
				INFOPLIST_KEY_UISupportedInterfaceOrientations_iPad = "UIInterfaceOrientationLandscapeLeft UIInterfaceOrientationLandscapeRight UIInterfaceOrientationPortrait UIInterfaceOrientationPortraitUpsideDown";
				IPHONEOS_DEPLOYMENT_TARGET = 15.0;
				LD_RUNPATH_SEARCH_PATHS = (
					"$(inherited)",
					"@executable_path/Frameworks",
				);
				MARKETING_VERSION = 1.0;
				PRODUCT_BUNDLE_IDENTIFIER = com.myorganizationApp.TestAppForKODE;
				PRODUCT_NAME = "$(TARGET_NAME)";
				SUPPORTED_PLATFORMS = "iphoneos iphonesimulator";
				SUPPORTS_MACCATALYST = NO;
				SUPPORTS_MAC_DESIGNED_FOR_IPHONE_IPAD = NO;
				SUPPORTS_XR_DESIGNED_FOR_IPHONE_IPAD = NO;
				SWIFT_EMIT_LOC_STRINGS = YES;
				SWIFT_VERSION = 5.0;
				TARGETED_DEVICE_FAMILY = 1;
			};
			name = Debug;
		};
		ED4DA5182B9F36B100895EAC /* Release */ = {
			isa = XCBuildConfiguration;
			baseConfigurationReference = C9D0884CF64C89A15F49A75B /* Pods-TestAppForKODE.release.xcconfig */;
			buildSettings = {
				ASSETCATALOG_COMPILER_APPICON_NAME = AppIcon;
				ASSETCATALOG_COMPILER_GLOBAL_ACCENT_COLOR_NAME = AccentColor;
				CODE_SIGN_STYLE = Automatic;
				CURRENT_PROJECT_VERSION = 1;
				DEVELOPMENT_TEAM = 395P8QJRY7;
				GENERATE_INFOPLIST_FILE = YES;
				INFOPLIST_FILE = TestAppForKODE/SupportingFiles/Info.plist;
				INFOPLIST_KEY_UIApplicationSupportsIndirectInputEvents = YES;
				INFOPLIST_KEY_UILaunchStoryboardName = LaunchScreen;
				INFOPLIST_KEY_UISupportedInterfaceOrientations = UIInterfaceOrientationPortrait;
				INFOPLIST_KEY_UISupportedInterfaceOrientations_iPad = "UIInterfaceOrientationLandscapeLeft UIInterfaceOrientationLandscapeRight UIInterfaceOrientationPortrait UIInterfaceOrientationPortraitUpsideDown";
				IPHONEOS_DEPLOYMENT_TARGET = 15.0;
				LD_RUNPATH_SEARCH_PATHS = (
					"$(inherited)",
					"@executable_path/Frameworks",
				);
				MARKETING_VERSION = 1.0;
				PRODUCT_BUNDLE_IDENTIFIER = com.myorganizationApp.TestAppForKODE;
				PRODUCT_NAME = "$(TARGET_NAME)";
				SUPPORTED_PLATFORMS = "iphoneos iphonesimulator";
				SUPPORTS_MACCATALYST = NO;
				SUPPORTS_MAC_DESIGNED_FOR_IPHONE_IPAD = NO;
				SUPPORTS_XR_DESIGNED_FOR_IPHONE_IPAD = NO;
				SWIFT_EMIT_LOC_STRINGS = YES;
				SWIFT_VERSION = 5.0;
				TARGETED_DEVICE_FAMILY = 1;
			};
			name = Release;
		};
/* End XCBuildConfiguration section */

/* Begin XCConfigurationList section */
		ED4DA4FD2B9F36AF00895EAC /* Build configuration list for PBXProject "TestAppForKODE" */ = {
			isa = XCConfigurationList;
			buildConfigurations = (
				ED4DA5142B9F36B100895EAC /* Debug */,
				ED4DA5152B9F36B100895EAC /* Release */,
			);
			defaultConfigurationIsVisible = 0;
			defaultConfigurationName = Release;
		};
		ED4DA5162B9F36B100895EAC /* Build configuration list for PBXNativeTarget "TestAppForKODE" */ = {
			isa = XCConfigurationList;
			buildConfigurations = (
				ED4DA5172B9F36B100895EAC /* Debug */,
				ED4DA5182B9F36B100895EAC /* Release */,
			);
			defaultConfigurationIsVisible = 0;
			defaultConfigurationName = Release;
		};
/* End XCConfigurationList section */
	};
	rootObject = ED4DA4FA2B9F36AF00895EAC /* Project object */;
}
