PODS:
  - BaseUIComponents (0.1.0)

DEPENDENCIES:
  - BaseUIComponents (from `https://github.com/zarag13/BaseUIComponents`)

EXTERNAL SOURCES:
  BaseUIComponents:
    :git: https://github.com/zarag13/BaseUIComponents

CHECKOUT OPTIONS:
  BaseUIComponents:
    :commit: 1f552caaf360213992a9f7cea134fdc78569752f
    :git: https://github.com/zarag13/BaseUIComponents

SPEC CHECKSUMS:
  BaseUIComponents: ae30c59348842cbe1a154e2595d6f168d8e7f1c4

PODFILE CHECKSUM: e446efb2cb58310930101f324f1a06b87ba601f3

COCOAPODS: 1.15.2
